{
  "lockfile_version": "1",
  "packages": {
    "github:NixOS/nixpkgs/nixpkgs-unstable": {
      "last_modified": "2026-02-15T09:18:18Z",
      "resolved": "github:NixOS/nixpkgs/e3cb16bccd9facebae3ba29c6a76a4cc1b73462a?lastModified=1771147098&narHash=sha256-jpfPdBjKO232s5NueoNEvvVzpndiUzPLNYcH4%2FOv0gY%3D"
    },
    "go@1.23": {
      "last_modified": "2025-08-08T08:05:48Z",
      "resolved": "github:NixOS/nixpkgs/a3f3e3f2c983e957af6b07a1db98bafd1f87b7a1#go_1_23",
      "source": "devbox-search",
      "version": "1.23.12",
      "systems": {
        "aarch64-darwin": {
          "outputs": [
            {
              "name": "out",
              "path": "/nix/store/ls7j3c95gdy2s5zzlzy751zgly53gs4c-go-1.23.12",
              "default": true
            }
          ],
          "store_path": "/nix/store/ls7j3c95gdy2s5zzlzy751zgly53gs4c-go-1.23.12"
        },
        "aarch64-linux": {
          "outputs": [
            {
              "name": "out",
              "path": "/nix/store/482v99lr94jxbx0c44dyydhxjhzs8na1-go-1.23.12",
              "default": true
            }
          ],
          "store_path": "/nix/store/482v99lr94jxbx0c44dyydhxjhzs8na1-go-1.23.12"
        },
        "x86_64-darwin": {
          "outputs": [
            {
              "name": "out",
              "path": "/nix/store/4xnvg72xnfsyrm426wn91rb594s507ja-go-1.23.12",
              "default": true
            }
          ],
          "store_path": "/nix/store/4xnvg72xnfsyrm426wn91rb594s507ja-go-1.23.12"
        },
        "x86_64-linux": {
          "outputs": [
            {
              "name": "out",
              "path": "/nix/store/nmmw1c5mwf7mzlbk5rnpm1gxvzh6jjw4-go-1.23.12",
              "default": true
            }
          ],
          "store_path": "/nix/store/nmmw1c5mwf7mzlbk5rnpm1gxvzh6jjw4-go-1.23.12"
        }
      }
    },
    "golangci-lint@2.8.0": {
      "last_modified": "2026-01-23T17:20:52Z",
      "resolved": "github:NixOS/nixpkgs/a1bab9e494f5f4939442a57a58d0449a109593fe#golangci-lint",
      "source": "devbox-search",
      "version": "2.8.0",
      "systems": {
        "aarch64-darwin": {
          "outputs": [
            {
              "name": "out",
              "path": "/nix/store/ci7qq9jsgk0v1f0pzs7kb0v9rk5zwyck-golangci-lint-2.8.0",
              "default": true
            }
          ],
          "store_path": "/nix/store/ci7qq9jsgk0v1f0pzs7kb0v9rk5zwyck-golangci-lint-2.8.0"
        },
        "aarch64-linux": {
          "outputs": [
            {
              "name": "out",
              "path": "/nix/store/ly2sk4i2qj8gfb0l7m5sxvyv7c8rn273-golangci-lint-2.8.0",
              "default": true
            }
          ],
          "store_path": "/nix/store/ly2sk4i2qj8gfb0l7m5sxvyv7c8rn273-golangci-lint-2.8.0"
        },
        "x86_64-darwin": {
          "outputs": [
            {
              "name": "out",
              "path": "/nix/store/r1m8175dhby0agi1r43ic2scrphsjnlb-golangci-lint-2.8.0",
              "default": true
            }
          ],
          "store_path": "/nix/store/r1m8175dhby0agi1r43ic2scrphsjnlb-golangci-lint-2.8.0"
        },
        "x86_64-linux": {
          "outputs": [
            {
              "name": "out",
              "path": "/nix/store/kj9ibnlg1p3macpcw8lm4rhpcwgfjal1-golangci-lint-2.8.0",
              "default": true
            }
          ],
          "store_path": "/nix/store/kj9ibnlg1p3macpcw8lm4rhpcwgfjal1-golangci-lint-2.8.0"
        }
      }
    },
    "goreleaser@2.13.3": {
      "last_modified": "2026-01-23T17:20:52Z",
      "resolved": "github:NixOS/nixpkgs/a1bab9e494f5f4939442a57a58d0449a109593fe#goreleaser",
      "source": "devbox-search",
      "version": "2.13.3",
      "systems": {
        "aarch64-darwin": {
          "outputs": [
            {
              "name": "out",
              "path": "/nix/store/04l59s6yaxfn4mx6m0wcvkk4skzawd9y-goreleaser-2.13.3",
              "default": true
            }
          ],
          "store_path": "/nix/store/04l59s6yaxfn4mx6m0wcvkk4skzawd9y-goreleaser-2.13.3"
        },
        "aarch64-linux": {
          "outputs": [
            {
              "name": "out",
              "path": "/nix/store/4b8y96z5wsn04glwhqy9nl4jj2x12ic0-goreleaser-2.13.3",
              "default": true
            }
          ],
          "store_path": "/nix/store/4b8y96z5wsn04glwhqy9nl4jj2x12ic0-goreleaser-2.13.3"
        },
        "x86_64-darwin": {
          "outputs": [
            {
              "name": "out",
              "path": "/nix/store/f0x8i0j9bqmif4jx79z28kxqz8ak694h-goreleaser-2.13.3",
              "default": true
            }
          ],
          "store_path": "/nix/store/f0x8i0j9bqmif4jx79z28kxqz8ak694h-goreleaser-2.13.3"
        },
        "x86_64-linux": {
          "outputs": [
            {
              "name": "out",
              "path": "/nix/store/i4ilqzqm4qagpc0wvhi99byx714cm5bb-goreleaser-2.13.3",
              "default": true
            }
          ],
          "store_path": "/nix/store/i4ilqzqm4qagpc0wvhi99byx714cm5bb-goreleaser-2.13.3"
        }
      }
    },
    "gradle@8.14.4": {
      "last_modified": "2026-01-26T09:54:05Z",
      "plugin_version": "0.0.1",
      "resolved": "github:NixOS/nixpkgs/5b265bda51b42a2a85af0a543c3e57b778b01b7d#gradle",
      "source": "devbox-search",
      "version": "8.14.4",
      "systems": {
        "aarch64-darwin": {
          "outputs": [
            {
              "name": "out",
              "path": "/nix/store/yb98qaa8if1gvdihj9vngyv822kqs88v-gradle-8.14.4",
              "default": true
            }
          ],
          "store_path": "/nix/store/yb98qaa8if1gvdihj9vngyv822kqs88v-gradle-8.14.4"
        },
        "aarch64-linux": {
          "outputs": [
            {
              "name": "out",
              "path": "/nix/store/xbn16nkgbaj09mf3vgzs7y582m67bm9s-gradle-8.14.4",
              "default": true
            }
          ],
          "store_path": "/nix/store/xbn16nkgbaj09mf3vgzs7y582m67bm9s-gradle-8.14.4"
        },
        "x86_64-darwin": {
          "outputs": [
            {
              "name": "out",
              "path": "/nix/store/m0xaca5z53sg9n6jqlkvm6cq0cn7ny28-gradle-8.14.4",
              "default": true
            }
          ],
          "store_path": "/nix/store/m0xaca5z53sg9n6jqlkvm6cq0cn7ny28-gradle-8.14.4"
        },
        "x86_64-linux": {
          "outputs": [
            {
              "name": "out",
              "path": "/nix/store/7nhijwwp2cdwnj2f19c5qdp2igf6cqb9-gradle-8.14.4",
              "default": true
            }
          ],
          "store_path": "/nix/store/7nhijwwp2cdwnj2f19c5qdp2igf6cqb9-gradle-8.14.4"
        }
      }
    },
    "nodePackages.ts-node@10.9.2": {
      "last_modified": "2025-10-22T20:59:19Z",
      "resolved": "github:NixOS/nixpkgs/01b6809f7f9d1183a2b3e081f0a1e6f8f415cb09#nodePackages.ts-node",
      "source": "devbox-search",
      "version": "10.9.2",
      "systems": {
        "aarch64-darwin": {
          "outputs": [
            {
              "name": "out",
              "path": "/nix/store/l8b2d079hw54pb2d720ib6vcr5xvzhyg-ts-node-10.9.2",
              "default": true
            }
          ],
          "store_path": "/nix/store/l8b2d079hw54pb2d720ib6vcr5xvzhyg-ts-node-10.9.2"
        },
        "aarch64-linux": {
          "outputs": [
            {
              "name": "out",
              "path": "/nix/store/10ck5gpixj149yqlwzjmfw65v57wvvbc-ts-node-10.9.2",
              "default": true
            }
          ],
          "store_path": "/nix/store/10ck5gpixj149yqlwzjmfw65v57wvvbc-ts-node-10.9.2"
        },
        "x86_64-darwin": {
          "outputs": [
            {
              "name": "out",
              "path": "/nix/store/2g07v3m26f5hkph3d6frn5dk3al1ahr6-ts-node-10.9.2",
              "default": true
            }
          ],
          "store_path": "/nix/store/2g07v3m26f5hkph3d6frn5dk3al1ahr6-ts-node-10.9.2"
        },
        "x86_64-linux": {
          "outputs": [
            {
              "name": "out",
              "path": "/nix/store/fza4r1hhaxxbgg66msfq1xjf4q6vcd3i-ts-node-10.9.2",
              "default": true
            }
          ],
          "store_path": "/nix/store/fza4r1hhaxxbgg66msfq1xjf4q6vcd3i-ts-node-10.9.2"
        }
      }
    },
    "nodejs-slim_18@18.20.8": {
      "last_modified": "2025-04-17T05:47:26Z",
      "plugin_version": "0.0.2",
      "resolved": "github:NixOS/nixpkgs/ebe4301cbd8f81c4f8d3244b3632338bbeb6d49c#nodejs-slim_18",
      "source": "devbox-search",
      "version": "18.20.8",
      "systems": {
        "aarch64-darwin": {
          "outputs": [
            {
              "name": "out",
              "path": "/nix/store/sn1vm9ax1cgjslbr5gkgxyscaccc5nq9-nodejs-slim-18.20.8",
              "default": true
            },
            {
              "name": "libv8",
              "path": "/nix/store/3w031xpjzd77ald8d8zp3mn7fg99kgs7-nodejs-slim-18.20.8-libv8"
            },
            {
              "name": "dev",
              "path": "/nix/store/ny97a1afbpnwjc1j4nfglpkrls19a9jn-nodejs-slim-18.20.8-dev"
            }
          ],
          "store_path": "/nix/store/sn1vm9ax1cgjslbr5gkgxyscaccc5nq9-nodejs-slim-18.20.8"
        },
        "aarch64-linux": {
          "outputs": [
            {
              "name": "out",
              "path": "/nix/store/1d6ac8mr9pqrq4iw7dqyfnx28my39sqb-nodejs-slim-18.20.8",
              "default": true
            },
            {
              "name": "dev",
              "path": "/nix/store/xvl22s047bnygnibf9qq57y6660khd9q-nodejs-slim-18.20.8-dev"
            },
            {
              "name": "libv8",
              "path": "/nix/store/dl6g5vy6axkjqmy52az44q69gric20hg-nodejs-slim-18.20.8-libv8"
            }
          ],
          "store_path": "/nix/store/1d6ac8mr9pqrq4iw7dqyfnx28my39sqb-nodejs-slim-18.20.8"
        },
        "x86_64-darwin": {
          "outputs": [
            {
              "name": "out",
              "path": "/nix/store/imh0dmszccvxqqh2d676zijplvryfdpr-nodejs-slim-18.20.8",
              "default": true
            },
            {
              "name": "dev",
              "path": "/nix/store/gv2m3bfm9ygd62a3pkah2yrxr8rwh5n7-nodejs-slim-18.20.8-dev"
            },
            {
              "name": "libv8",
              "path": "/nix/store/3jm0dhpfbg4hmamjd4rn2fh2a1mgph7v-nodejs-slim-18.20.8-libv8"
            }
          ],
          "store_path": "/nix/store/imh0dmszccvxqqh2d676zijplvryfdpr-nodejs-slim-18.20.8"
        },
        "x86_64-linux": {
          "outputs": [
            {
              "name": "out",
              "path": "/nix/store/6qxbirspbc3781wfnbj4cwl1ci8bwgb2-nodejs-slim-18.20.8",
              "default": true
            },
            {
              "name": "libv8",
              "path": "/nix/store/n4q6bqnlbp48dx3gvq3kqh5l2cbm8d0q-nodejs-slim-18.20.8-libv8"
            },
            {
              "name": "dev",
              "path": "/nix/store/i8n79nfy9dqfgcwfqv9ih122paijh2n9-nodejs-slim-18.20.8-dev"
            }
          ],
          "store_path": "/nix/store/6qxbirspbc3781wfnbj4cwl1ci8bwgb2-nodejs-slim-18.20.8"
        }
      }
    },
    "php83Packages.composer@2.9.2": {
      "last_modified": "2026-01-19T00:39:23Z",
      "resolved": "github:NixOS/nixpkgs/bde09022887110deb780067364a0818e89258968#php83Packages.composer",
      "source": "devbox-search",
      "version": "2.9.2",
      "systems": {
        "aarch64-darwin": {
          "outputs": [
            {
              "name": "out",
              "path": "/nix/store/ajm1lkwjya8r984a16i9hbm1nljl7y7q-composer-2.9.2",
              "default": true
            }
          ],
          "store_path": "/nix/store/ajm1lkwjya8r984a16i9hbm1nljl7y7q-composer-2.9.2"
        },
        "aarch64-linux": {
          "outputs": [
            {
              "name": "out",
              "path": "/nix/store/fjbigwwhlkxva8a4032jqi9jgmj79gk0-composer-2.9.2",
              "default": true
            }
          ],
          "store_path": "/nix/store/fjbigwwhlkxva8a4032jqi9jgmj79gk0-composer-2.9.2"
        },
        "x86_64-darwin": {
          "outputs": [
            {
              "name": "out",
              "path": "/nix/store/6l5653yj378c726dda15fl1hyjzjmrg6-composer-2.9.2",
              "default": true
            }
          ],
          "store_path": "/nix/store/6l5653yj378c726dda15fl1hyjzjmrg6-composer-2.9.2"
        },
        "x86_64-linux": {
          "outputs": [
            {
              "name": "out",
              "path": "/nix/store/8mdx1fv9cvb80i02c7hjwdh9g5585ij6-composer-2.9.2",
              "default": true
            }
          ],
          "store_path": "/nix/store/8mdx1fv9cvb80i02c7hjwdh9g5585ij6-composer-2.9.2"
        }
      }
    },
    "php83Packages.phpstan@2.1.1": {
      "last_modified": "2025-07-28T17:09:23Z",
      "resolved": "github:NixOS/nixpkgs/648f70160c03151bc2121d179291337ad6bc564b#php83Packages.phpstan",
      "source": "devbox-search",
      "version": "2.1.19",
      "systems": {
        "aarch64-darwin": {
          "outputs": [
            {
              "name": "out",
              "path": "/nix/store/63f8a7yncm85c30snxdhgk7jd0aqv748-phpstan-2.1.19",
              "default": true
            }
          ],
          "store_path": "/nix/store/63f8a7yncm85c30snxdhgk7jd0aqv748-phpstan-2.1.19"
        },
        "aarch64-linux": {
          "outputs": [
            {
              "name": "out",
              "path": "/nix/store/svz9brh5y3c3s13vl5g2isrkh42i2xyw-phpstan-2.1.19",
              "default": true
            }
          ],
          "store_path": "/nix/store/svz9brh5y3c3s13vl5g2isrkh42i2xyw-phpstan-2.1.19"
        },
        "x86_64-darwin": {
          "outputs": [
            {
              "name": "out",
              "path": "/nix/store/yblfk9k6173wng9wc6d2x5gc6pn4lb37-phpstan-2.1.19",
              "default": true
            }
          ],
          "store_path": "/nix/store/yblfk9k6173wng9wc6d2x5gc6pn4lb37-phpstan-2.1.19"
        },
        "x86_64-linux": {
          "outputs": [
            {
              "name": "out",
              "path": "/nix/store/bskdharg4a6iv4s2brpn0hci0447y1ra-phpstan-2.1.19",
              "default": true
            }
          ],
          "store_path": "/nix/store/bskdharg4a6iv4s2brpn0hci0447y1ra-phpstan-2.1.19"
        }
      }
    },
    "php@8.4.16": {
      "last_modified": "2025-12-31T03:27:36Z",
      "plugin_version": "0.0.3",
      "resolved": "github:NixOS/nixpkgs/f665af0cdb70ed27e1bd8f9fdfecaf451260fc55#php",
      "source": "devbox-search",
      "version": "8.4.16",
      "systems": {
        "aarch64-darwin": {
          "outputs": [
            {
              "name": "out",
              "path": "/nix/store/vcc1qgjma41h0gxsjjajiz1zgk3x7azf-php-with-extensions-8.4.16",
              "default": true
            }
          ],
          "store_path": "/nix/store/vcc1qgjma41h0gxsjjajiz1zgk3x7azf-php-with-extensions-8.4.16"
        },
        "aarch64-linux": {
          "outputs": [
            {
              "name": "out",
              "path": "/nix/store/3bv66a3i6ccpmcxvs5in0vxkwfsj5nlr-php-with-extensions-8.4.16",
              "default": true
            }
          ],
          "store_path": "/nix/store/3bv66a3i6ccpmcxvs5in0vxkwfsj5nlr-php-with-extensions-8.4.16"
        },
        "x86_64-darwin": {
          "outputs": [
            {
              "name": "out",
              "path": "/nix/store/f8p067vigk85q5hfxwzq4nymzdvjljy0-php-with-extensions-8.4.16",
              "default": true
            }
          ],
          "store_path": "/nix/store/f8p067vigk85q5hfxwzq4nymzdvjljy0-php-with-extensions-8.4.16"
        },
        "x86_64-linux": {
          "outputs": [
            {
              "name": "out",
              "path": "/nix/store/zc1v3c5sqbm9kazc0h9rzp17w4ihw2ih-php-with-extensions-8.4.16",
              "default": true
            }
          ],
          "store_path": "/nix/store/zc1v3c5sqbm9kazc0h9rzp17w4ihw2ih-php-with-extensions-8.4.16"
        }
      }
    },
    "python@3.12": {
      "last_modified": "2026-01-23T17:20:52Z",
      "plugin_version": "0.0.4",
      "resolved": "github:NixOS/nixpkgs/a1bab9e494f5f4939442a57a58d0449a109593fe#python312",
      "source": "devbox-search",
      "version": "3.12.12",
      "systems": {
        "aarch64-darwin": {
          "outputs": [
            {
              "name": "out",
              "path": "/nix/store/2j3gnwp0hsbvrirf23w1q344q7gbcy92-python3-3.12.12",
              "default": true
            }
          ],
          "store_path": "/nix/store/2j3gnwp0hsbvrirf23w1q344q7gbcy92-python3-3.12.12"
        },
        "aarch64-linux": {
          "outputs": [
            {
              "name": "out",
              "path": "/nix/store/h2jzxh50f3sa4k8p8wv4rrf51ci1srq1-python3-3.12.12",
              "default": true
            },
            {
              "name": "debug",
              "path": "/nix/store/8rckkaw2jgbwz8l8gvhi75fx5q2wh87b-python3-3.12.12-debug"
            }
          ],
          "store_path": "/nix/store/h2jzxh50f3sa4k8p8wv4rrf51ci1srq1-python3-3.12.12"
        },
        "x86_64-darwin": {
          "outputs": [
            {
              "name": "out",
              "path": "/nix/store/1f8k4x22cjz9nj2x7dki3xsgkih1j4rx-python3-3.12.12",
              "default": true
            }
          ],
          "store_path": "/nix/store/1f8k4x22cjz9nj2x7dki3xsgkih1j4rx-python3-3.12.12"
        },
        "x86_64-linux": {
          "outputs": [
            {
              "name": "out",
              "path": "/nix/store/by9gvhyjawm7g7gkkgpj28aas6fl8ws7-python3-3.12.12",
              "default": true
            },
            {
              "name": "debug",
              "path": "/nix/store/j79a6bw3yqj9jvfazf6zpapzq7dh83q5-python3-3.12.12-debug"
            }
          ],
          "store_path": "/nix/store/by9gvhyjawm7g7gkkgpj28aas6fl8ws7-python3-3.12.12"
        }
      }
    }
  }
}
