{
  "lockfile_version": "1",
  "packages": {
    "github:NixOS/nixpkgs/nixpkgs-unstable": {
      "resolved": "github:NixOS/nixpkgs/573c650e8a14b2faa0041645ab18aed7e60f0c9a?lastModified=1741865919&narHash=sha256-4thdbnP6dlbdq%2BqZWTsm4ffAwoS8Tiq1YResB%2BRP6WE%3D"
    },
    "go@1.23": {
      "last_modified": "2025-02-23T09:42:26Z",
      "resolved": "github:NixOS/nixpkgs/2d068ae5c6516b2d04562de50a58c682540de9bf#go",
      "source": "devbox-search",
      "version": "1.23.6",
      "systems": {
        "aarch64-darwin": {
          "outputs": [
            {
              "name": "out",
              "path": "/nix/store/yjqrp3d93mxa2g80j57whyk55xwxgl7r-go-1.23.6",
              "default": true
            }
          ],
          "store_path": "/nix/store/yjqrp3d93mxa2g80j57whyk55xwxgl7r-go-1.23.6"
        },
        "aarch64-linux": {
          "outputs": [
            {
              "name": "out",
              "path": "/nix/store/8998mrpahiciqy699yxfwaw29r89pfrm-go-1.23.6",
              "default": true
            }
          ],
          "store_path": "/nix/store/8998mrpahiciqy699yxfwaw29r89pfrm-go-1.23.6"
        },
        "x86_64-darwin": {
          "outputs": [
            {
              "name": "out",
              "path": "/nix/store/65s6ymzbxsydbka49gr3jsv0lnybbzyc-go-1.23.6",
              "default": true
            }
          ],
          "store_path": "/nix/store/65s6ymzbxsydbka49gr3jsv0lnybbzyc-go-1.23.6"
        },
        "x86_64-linux": {
          "outputs": [
            {
              "name": "out",
              "path": "/nix/store/8zgc91q1igzgmg36mglxrk8qa1r2dvsd-go-1.23.6",
              "default": true
            }
          ],
          "store_path": "/nix/store/8zgc91q1igzgmg36mglxrk8qa1r2dvsd-go-1.23.6"
        }
      }
    },
    "golangci-lint@1.61": {
      "last_modified": "2024-11-03T14:18:04Z",
      "resolved": "github:NixOS/nixpkgs/4ae2e647537bcdbb82265469442713d066675275#golangci-lint",
      "source": "devbox-search",
      "version": "1.61.0",
      "systems": {
        "aarch64-darwin": {
          "outputs": [
            {
              "name": "out",
              "path": "/nix/store/vm7syji08qh6q1s7ckd777p7kcjflx9b-golangci-lint-1.61.0",
              "default": true
            }
          ],
          "store_path": "/nix/store/vm7syji08qh6q1s7ckd777p7kcjflx9b-golangci-lint-1.61.0"
        },
        "aarch64-linux": {
          "outputs": [
            {
              "name": "out",
              "path": "/nix/store/6vx22sm4x9lmyqswq7svmih0q68c92lg-golangci-lint-1.61.0",
              "default": true
            }
          ],
          "store_path": "/nix/store/6vx22sm4x9lmyqswq7svmih0q68c92lg-golangci-lint-1.61.0"
        },
        "x86_64-darwin": {
          "outputs": [
            {
              "name": "out",
              "path": "/nix/store/ipn5pi90mallx4d4c923h3rc7bpmiwz9-golangci-lint-1.61.0",
              "default": true
            }
          ],
          "store_path": "/nix/store/ipn5pi90mallx4d4c923h3rc7bpmiwz9-golangci-lint-1.61.0"
        },
        "x86_64-linux": {
          "outputs": [
            {
              "name": "out",
              "path": "/nix/store/bz2kxbkb9yxdkz2pdl640g32xyqxqd4c-golangci-lint-1.61.0",
              "default": true
            }
          ],
          "store_path": "/nix/store/bz2kxbkb9yxdkz2pdl640g32xyqxqd4c-golangci-lint-1.61.0"
        }
      }
    },
    "goreleaser@2.13.3": {
      "last_modified": "2026-01-17T14:47:01Z",
      "resolved": "github:NixOS/nixpkgs/3327b113f2ef698d380df83fbccefad7e83d7769#goreleaser",
      "source": "devbox-search",
      "version": "2.13.3",
      "systems": {
        "aarch64-darwin": {
          "outputs": [
            {
              "name": "out",
              "path": "/nix/store/0g5sz7vwfp6iy7fiwpzhaw0mvy1ssgdl-goreleaser-2.13.3",
              "default": true
            }
          ],
          "store_path": "/nix/store/0g5sz7vwfp6iy7fiwpzhaw0mvy1ssgdl-goreleaser-2.13.3"
        },
        "aarch64-linux": {
          "outputs": [
            {
              "name": "out",
              "path": "/nix/store/bfbp23i9llmzkx6rw33k6lawd6zmg0da-goreleaser-2.13.3",
              "default": true
            }
          ],
          "store_path": "/nix/store/bfbp23i9llmzkx6rw33k6lawd6zmg0da-goreleaser-2.13.3"
        },
        "x86_64-darwin": {
          "outputs": [
            {
              "name": "out",
              "path": "/nix/store/j6qmx9kv1qn4l5m3rx251y7drmbk13gz-goreleaser-2.13.3",
              "default": true
            }
          ],
          "store_path": "/nix/store/j6qmx9kv1qn4l5m3rx251y7drmbk13gz-goreleaser-2.13.3"
        },
        "x86_64-linux": {
          "outputs": [
            {
              "name": "out",
              "path": "/nix/store/ncgmpkws1i0zlk6bm8lx10rkz2pd65al-goreleaser-2.13.3",
              "default": true
            }
          ],
          "store_path": "/nix/store/ncgmpkws1i0zlk6bm8lx10rkz2pd65al-goreleaser-2.13.3"
        }
      }
    },
    "gradle@8.14.4": {
      "last_modified": "2026-01-26T09:54:05Z",
      "plugin_version": "0.0.1",
      "resolved": "github:NixOS/nixpkgs/5b265bda51b42a2a85af0a543c3e57b778b01b7d#gradle",
      "source": "devbox-search",
      "version": "8.14.4",
      "systems": {
        "aarch64-darwin": {
          "outputs": [
            {
              "name": "out",
              "path": "/nix/store/yb98qaa8if1gvdihj9vngyv822kqs88v-gradle-8.14.4",
              "default": true
            }
          ],
          "store_path": "/nix/store/yb98qaa8if1gvdihj9vngyv822kqs88v-gradle-8.14.4"
        },
        "aarch64-linux": {
          "outputs": [
            {
              "name": "out",
              "path": "/nix/store/xbn16nkgbaj09mf3vgzs7y582m67bm9s-gradle-8.14.4",
              "default": true
            }
          ],
          "store_path": "/nix/store/xbn16nkgbaj09mf3vgzs7y582m67bm9s-gradle-8.14.4"
        },
        "x86_64-darwin": {
          "outputs": [
            {
              "name": "out",
              "path": "/nix/store/m0xaca5z53sg9n6jqlkvm6cq0cn7ny28-gradle-8.14.4",
              "default": true
            }
          ],
          "store_path": "/nix/store/m0xaca5z53sg9n6jqlkvm6cq0cn7ny28-gradle-8.14.4"
        },
        "x86_64-linux": {
          "outputs": [
            {
              "name": "out",
              "path": "/nix/store/7nhijwwp2cdwnj2f19c5qdp2igf6cqb9-gradle-8.14.4",
              "default": true
            }
          ],
          "store_path": "/nix/store/7nhijwwp2cdwnj2f19c5qdp2igf6cqb9-gradle-8.14.4"
        }
      }
    },
    "nodePackages.ts-node@10.9.2": {
      "last_modified": "2025-02-26T05:29:08Z",
      "resolved": "github:NixOS/nixpkgs/3a05eebede89661660945da1f151959900903b6a#nodePackages.ts-node",
      "source": "devbox-search",
      "version": "10.9.2",
      "systems": {
        "aarch64-darwin": {
          "outputs": [
            {
              "name": "out",
              "path": "/nix/store/sy0hq2153kr5xppb7k5clx7lfbxnm9xn-ts-node-10.9.2",
              "default": true
            }
          ],
          "store_path": "/nix/store/sy0hq2153kr5xppb7k5clx7lfbxnm9xn-ts-node-10.9.2"
        },
        "aarch64-linux": {
          "outputs": [
            {
              "name": "out",
              "path": "/nix/store/2bjvqlfmis3p3nw8i8k607znq9wvfpia-ts-node-10.9.2",
              "default": true
            }
          ],
          "store_path": "/nix/store/2bjvqlfmis3p3nw8i8k607znq9wvfpia-ts-node-10.9.2"
        },
        "x86_64-darwin": {
          "outputs": [
            {
              "name": "out",
              "path": "/nix/store/5617lzmjjkc1kbq4vqn68v2nj4phqlpl-ts-node-10.9.2",
              "default": true
            }
          ],
          "store_path": "/nix/store/5617lzmjjkc1kbq4vqn68v2nj4phqlpl-ts-node-10.9.2"
        },
        "x86_64-linux": {
          "outputs": [
            {
              "name": "out",
              "path": "/nix/store/0w72g1f20xx14sqhfqr7wkh7x8j48j0r-ts-node-10.9.2",
              "default": true
            }
          ],
          "store_path": "/nix/store/0w72g1f20xx14sqhfqr7wkh7x8j48j0r-ts-node-10.9.2"
        }
      }
    },
    "nodejs-slim_18@18.20.8": {
      "last_modified": "2025-04-17T05:47:26Z",
      "plugin_version": "0.0.2",
      "resolved": "github:NixOS/nixpkgs/ebe4301cbd8f81c4f8d3244b3632338bbeb6d49c#nodejs-slim_18",
      "source": "devbox-search",
      "version": "18.20.8",
      "systems": {
        "aarch64-darwin": {
          "outputs": [
            {
              "name": "out",
              "path": "/nix/store/sn1vm9ax1cgjslbr5gkgxyscaccc5nq9-nodejs-slim-18.20.8",
              "default": true
            },
            {
              "name": "libv8",
              "path": "/nix/store/3w031xpjzd77ald8d8zp3mn7fg99kgs7-nodejs-slim-18.20.8-libv8"
            },
            {
              "name": "dev",
              "path": "/nix/store/ny97a1afbpnwjc1j4nfglpkrls19a9jn-nodejs-slim-18.20.8-dev"
            }
          ],
          "store_path": "/nix/store/sn1vm9ax1cgjslbr5gkgxyscaccc5nq9-nodejs-slim-18.20.8"
        },
        "aarch64-linux": {
          "outputs": [
            {
              "name": "out",
              "path": "/nix/store/1d6ac8mr9pqrq4iw7dqyfnx28my39sqb-nodejs-slim-18.20.8",
              "default": true
            },
            {
              "name": "dev",
              "path": "/nix/store/xvl22s047bnygnibf9qq57y6660khd9q-nodejs-slim-18.20.8-dev"
            },
            {
              "name": "libv8",
              "path": "/nix/store/dl6g5vy6axkjqmy52az44q69gric20hg-nodejs-slim-18.20.8-libv8"
            }
          ],
          "store_path": "/nix/store/1d6ac8mr9pqrq4iw7dqyfnx28my39sqb-nodejs-slim-18.20.8"
        },
        "x86_64-darwin": {
          "outputs": [
            {
              "name": "out",
              "path": "/nix/store/imh0dmszccvxqqh2d676zijplvryfdpr-nodejs-slim-18.20.8",
              "default": true
            },
            {
              "name": "dev",
              "path": "/nix/store/gv2m3bfm9ygd62a3pkah2yrxr8rwh5n7-nodejs-slim-18.20.8-dev"
            },
            {
              "name": "libv8",
              "path": "/nix/store/3jm0dhpfbg4hmamjd4rn2fh2a1mgph7v-nodejs-slim-18.20.8-libv8"
            }
          ],
          "store_path": "/nix/store/imh0dmszccvxqqh2d676zijplvryfdpr-nodejs-slim-18.20.8"
        },
        "x86_64-linux": {
          "outputs": [
            {
              "name": "out",
              "path": "/nix/store/6qxbirspbc3781wfnbj4cwl1ci8bwgb2-nodejs-slim-18.20.8",
              "default": true
            },
            {
              "name": "libv8",
              "path": "/nix/store/n4q6bqnlbp48dx3gvq3kqh5l2cbm8d0q-nodejs-slim-18.20.8-libv8"
            },
            {
              "name": "dev",
              "path": "/nix/store/i8n79nfy9dqfgcwfqv9ih122paijh2n9-nodejs-slim-18.20.8-dev"
            }
          ],
          "store_path": "/nix/store/6qxbirspbc3781wfnbj4cwl1ci8bwgb2-nodejs-slim-18.20.8"
        }
      }
    },
    "php83Packages.composer@2.9.2": {
      "last_modified": "2026-01-19T00:39:23Z",
      "resolved": "github:NixOS/nixpkgs/bde09022887110deb780067364a0818e89258968#php83Packages.composer",
      "source": "devbox-search",
      "version": "2.9.2",
      "systems": {
        "aarch64-darwin": {
          "outputs": [
            {
              "name": "out",
              "path": "/nix/store/ajm1lkwjya8r984a16i9hbm1nljl7y7q-composer-2.9.2",
              "default": true
            }
          ],
          "store_path": "/nix/store/ajm1lkwjya8r984a16i9hbm1nljl7y7q-composer-2.9.2"
        },
        "aarch64-linux": {
          "outputs": [
            {
              "name": "out",
              "path": "/nix/store/fjbigwwhlkxva8a4032jqi9jgmj79gk0-composer-2.9.2",
              "default": true
            }
          ],
          "store_path": "/nix/store/fjbigwwhlkxva8a4032jqi9jgmj79gk0-composer-2.9.2"
        },
        "x86_64-darwin": {
          "outputs": [
            {
              "name": "out",
              "path": "/nix/store/6l5653yj378c726dda15fl1hyjzjmrg6-composer-2.9.2",
              "default": true
            }
          ],
          "store_path": "/nix/store/6l5653yj378c726dda15fl1hyjzjmrg6-composer-2.9.2"
        },
        "x86_64-linux": {
          "outputs": [
            {
              "name": "out",
              "path": "/nix/store/8mdx1fv9cvb80i02c7hjwdh9g5585ij6-composer-2.9.2",
              "default": true
            }
          ],
          "store_path": "/nix/store/8mdx1fv9cvb80i02c7hjwdh9g5585ij6-composer-2.9.2"
        }
      }
    },
    "php83Packages.phpstan@2.1.1": {
      "last_modified": "2025-01-25T23:17:58Z",
      "resolved": "github:NixOS/nixpkgs/b582bb5b0d7af253b05d58314b85ab8ec46b8d19#php83Packages.phpstan",
      "source": "devbox-search",
      "version": "2.1.1",
      "systems": {
        "aarch64-darwin": {
          "outputs": [
            {
              "name": "out",
              "path": "/nix/store/jly06w68p2shjrscxgnaw7k04m2bz13h-phpstan-2.1.1",
              "default": true
            }
          ],
          "store_path": "/nix/store/jly06w68p2shjrscxgnaw7k04m2bz13h-phpstan-2.1.1"
        },
        "aarch64-linux": {
          "outputs": [
            {
              "name": "out",
              "path": "/nix/store/id87a78h5ch2lylvf8jpxzs3gscx6vc4-phpstan-2.1.1",
              "default": true
            }
          ],
          "store_path": "/nix/store/id87a78h5ch2lylvf8jpxzs3gscx6vc4-phpstan-2.1.1"
        },
        "x86_64-darwin": {
          "outputs": [
            {
              "name": "out",
              "path": "/nix/store/26li9wcij0y6fbd3gnpin3nvsy6ncka7-phpstan-2.1.1",
              "default": true
            }
          ],
          "store_path": "/nix/store/26li9wcij0y6fbd3gnpin3nvsy6ncka7-phpstan-2.1.1"
        },
        "x86_64-linux": {
          "outputs": [
            {
              "name": "out",
              "path": "/nix/store/r71q2zsjd6r0afnqkhk9s939dwg58jns-phpstan-2.1.1",
              "default": true
            }
          ],
          "store_path": "/nix/store/r71q2zsjd6r0afnqkhk9s939dwg58jns-phpstan-2.1.1"
        }
      }
    },
    "php@8.4.16": {
      "last_modified": "2025-12-31T03:27:36Z",
      "plugin_version": "0.0.3",
      "resolved": "github:NixOS/nixpkgs/f665af0cdb70ed27e1bd8f9fdfecaf451260fc55#php",
      "source": "devbox-search",
      "version": "8.4.16",
      "systems": {
        "aarch64-darwin": {
          "outputs": [
            {
              "name": "out",
              "path": "/nix/store/vcc1qgjma41h0gxsjjajiz1zgk3x7azf-php-with-extensions-8.4.16",
              "default": true
            }
          ],
          "store_path": "/nix/store/vcc1qgjma41h0gxsjjajiz1zgk3x7azf-php-with-extensions-8.4.16"
        },
        "aarch64-linux": {
          "outputs": [
            {
              "name": "out",
              "path": "/nix/store/3bv66a3i6ccpmcxvs5in0vxkwfsj5nlr-php-with-extensions-8.4.16",
              "default": true
            }
          ],
          "store_path": "/nix/store/3bv66a3i6ccpmcxvs5in0vxkwfsj5nlr-php-with-extensions-8.4.16"
        },
        "x86_64-darwin": {
          "outputs": [
            {
              "name": "out",
              "path": "/nix/store/f8p067vigk85q5hfxwzq4nymzdvjljy0-php-with-extensions-8.4.16",
              "default": true
            }
          ],
          "store_path": "/nix/store/f8p067vigk85q5hfxwzq4nymzdvjljy0-php-with-extensions-8.4.16"
        },
        "x86_64-linux": {
          "outputs": [
            {
              "name": "out",
              "path": "/nix/store/zc1v3c5sqbm9kazc0h9rzp17w4ihw2ih-php-with-extensions-8.4.16",
              "default": true
            }
          ],
          "store_path": "/nix/store/zc1v3c5sqbm9kazc0h9rzp17w4ihw2ih-php-with-extensions-8.4.16"
        }
      }
    },
    "python@3.12": {
      "last_modified": "2025-01-06T03:40:18Z",
      "plugin_version": "0.0.4",
      "resolved": "github:NixOS/nixpkgs/3df3c47c19dc90fec35359e89ffb52b34d2b0e94#python3",
      "source": "devbox-search",
      "version": "3.12.8",
      "systems": {
        "aarch64-darwin": {
          "outputs": [
            {
              "name": "out",
              "path": "/nix/store/8zc3wcplydp8gsxms24scpzdca438dk5-python3-3.12.8",
              "default": true
            }
          ],
          "store_path": "/nix/store/8zc3wcplydp8gsxms24scpzdca438dk5-python3-3.12.8"
        },
        "aarch64-linux": {
          "outputs": [
            {
              "name": "out",
              "path": "/nix/store/66pn6ysmvx675061xaq2vz93s9vdc5p4-python3-3.12.8",
              "default": true
            },
            {
              "name": "debug",
              "path": "/nix/store/brcg3a34fi45ffky63g5pqd22sksvq13-python3-3.12.8-debug"
            }
          ],
          "store_path": "/nix/store/66pn6ysmvx675061xaq2vz93s9vdc5p4-python3-3.12.8"
        },
        "x86_64-darwin": {
          "outputs": [
            {
              "name": "out",
              "path": "/nix/store/fpmkmdzgd1q7kqadc7czcjdhjj7bsc0i-python3-3.12.8",
              "default": true
            }
          ],
          "store_path": "/nix/store/fpmkmdzgd1q7kqadc7czcjdhjj7bsc0i-python3-3.12.8"
        },
        "x86_64-linux": {
          "outputs": [
            {
              "name": "out",
              "path": "/nix/store/c9m6yd8fg1flz2j5r4bif1ib5j20a0cy-python3-3.12.8",
              "default": true
            },
            {
              "name": "debug",
              "path": "/nix/store/cicfrcjr8pky8qd0gxw0x84ynyviy6b5-python3-3.12.8-debug"
            }
          ],
          "store_path": "/nix/store/c9m6yd8fg1flz2j5r4bif1ib5j20a0cy-python3-3.12.8"
        }
      }
    }
  }
}
